
Microsoft Visual Studio Solution File, Format Version 12.00
# Visual Studio Version 17
VisualStudioVersion = 17.11.35327.3
MinimumVisualStudioVersion = 10.0.40219.1
Project("{FAE04EC0-301F-11D3-BF4B-00C04F79EFBC}") = "QRAppAPI", "QRAppAPI\QRAppAPI.csproj", "{35B03E4C-944B-4BAF-A73F-C0ABAD8919DC}"
EndProject
Global
	GlobalSection(SolutionConfigurationPlatforms) = preSolution
		Debug|Any CPU = Debug|Any CPU
		Release|Any CPU = Release|Any CPU
	EndGlobalSection
	GlobalSection(ProjectConfigurationPlatforms) = postSolution
		{35B03E4C-944B-4BAF-A73F-C0ABAD8919DC}.Debug|Any CPU.ActiveCfg = Debug|Any CPU
		{35B03E4C-944B-4BAF-A73F-C0ABAD8919DC}.Debug|Any CPU.Build.0 = Debug|Any CPU
		{35B03E4C-944B-4BAF-A73F-C0ABAD8919DC}.Release|Any CPU.ActiveCfg = Release|Any CPU
		{35B03E4C-944B-4BAF-A73F-C0ABAD8919DC}.Release|Any CPU.Build.0 = Release|Any CPU
	EndGlobalSection
	GlobalSection(SolutionProperties) = preSolution
		HideSolutionNode = FALSE
	EndGlobalSection
	GlobalSection(ExtensibilityGlobals) = postSolution
		SolutionGuid = {0D50C7C6-BF1F-4E67-ACE7-F8958236775C}
	EndGlobalSection
EndGlobal
